// !$*UTF8*$!
{
	archiveVersion = 1;
	classes = {
	};
	objectVersion = 56;
	objects = {

/* Begin PBXBuildFile section */
		2542CC0B2B263AD5003E82ED /* Carousel.swift in Sources */ = {isa = PBXBuildFile; fileRef = 2542CC0A2B263AD5003E82ED /* Carousel.swift */; };
		2542CC2F2B27FBF1003E82ED /* Pill.swift in Sources */ = {isa = PBXBuildFile; fileRef = 2542CC2E2B27FBF1003E82ED /* Pill.swift */; };
		2542CC322B28271D003E82ED /* UIView+Helpers.swift in Sources */ = {isa = PBXBuildFile; fileRef = 2542CC312B28271D003E82ED /* UIView+Helpers.swift */; };
		2542CC342B282A76003E82ED /* ReusableView.swift in Sources */ = {isa = PBXBuildFile; fileRef = 2542CC332B282A76003E82ED /* ReusableView.swift */; };
		256157872A7C29AA008D707C /* NowPlayingMovieListViewModel.swift in Sources */ = {isa = PBXBuildFile; fileRef = 256157862A7C29AA008D707C /* NowPlayingMovieListViewModel.swift */; };
		256157892A7C29B7008D707C /* UpcomingMovieListViewModel.swift in Sources */ = {isa = PBXBuildFile; fileRef = 256157882A7C29B7008D707C /* UpcomingMovieListViewModel.swift */; };
		257B41652A79D4A40054CB05 /* ScoreMeter.swift in Sources */ = {isa = PBXBuildFile; fileRef = 257B41642A79D4A30054CB05 /* ScoreMeter.swift */; };
		257B41672A79E0D20054CB05 /* ScoreMeterSUI.swift in Sources */ = {isa = PBXBuildFile; fileRef = 257B41662A79E0D20054CB05 /* ScoreMeterSUI.swift */; };
		257B41692A79F7A30054CB05 /* CastCarousel.swift in Sources */ = {isa = PBXBuildFile; fileRef = 257B41682A79F7A30054CB05 /* CastCarousel.swift */; };
		257B416D2A7A03D60054CB05 /* CastCard.swift in Sources */ = {isa = PBXBuildFile; fileRef = 257B416C2A7A03D60054CB05 /* CastCard.swift */; };
		257B41712A7A11550054CB05 /* MovieDetailResponse.swift in Sources */ = {isa = PBXBuildFile; fileRef = 257B41702A7A11550054CB05 /* MovieDetailResponse.swift */; };
		257B41732A7A3E470054CB05 /* MovieVideosResponse.swift in Sources */ = {isa = PBXBuildFile; fileRef = 257B41722A7A3E470054CB05 /* MovieVideosResponse.swift */; };
		257B41772A7A45970054CB05 /* NumberFormatter.swift in Sources */ = {isa = PBXBuildFile; fileRef = 257B41762A7A45970054CB05 /* NumberFormatter.swift */; };
		257B41792A7A86840054CB05 /* UIImage+Helpers.swift in Sources */ = {isa = PBXBuildFile; fileRef = 257B41782A7A86840054CB05 /* UIImage+Helpers.swift */; };
		257B417B2A7A8DCF0054CB05 /* YoutubeView.swift in Sources */ = {isa = PBXBuildFile; fileRef = 257B417A2A7A8DCF0054CB05 /* YoutubeView.swift */; };
		257B417D2A7AD1AC0054CB05 /* SavedMoviesListViewController.swift in Sources */ = {isa = PBXBuildFile; fileRef = 257B417C2A7AD1AC0054CB05 /* SavedMoviesListViewController.swift */; };
		257C955E2A8DAE6C0064D950 /* YouTubePlayerKit in Frameworks */ = {isa = PBXBuildFile; productRef = 257C955D2A8DAE6C0064D950 /* YouTubePlayerKit */; };
		257D180E2B2BE8A800346246 /* MoviePresenterModel.swift in Sources */ = {isa = PBXBuildFile; fileRef = 257D180D2B2BE8A800346246 /* MoviePresenterModel.swift */; };
		25ACE6E52A6C72900043F22C /* MoviePosterCell.swift in Sources */ = {isa = PBXBuildFile; fileRef = 25ACE6E42A6C72900043F22C /* MoviePosterCell.swift */; };
		25ACE6E72A6C74970043F22C /* Movie.swift in Sources */ = {isa = PBXBuildFile; fileRef = 25ACE6E62A6C74970043F22C /* Movie.swift */; };
		25ACE6E92A6C795E0043F22C /* MovieListResponse.swift in Sources */ = {isa = PBXBuildFile; fileRef = 25ACE6E82A6C795E0043F22C /* MovieListResponse.swift */; };
		25ACE6F32A6D697C0043F22C /* ImageLoader.swift in Sources */ = {isa = PBXBuildFile; fileRef = 25ACE6F22A6D697B0043F22C /* ImageLoader.swift */; };
		25ACE6F52A6D6F530043F22C /* APIError.swift in Sources */ = {isa = PBXBuildFile; fileRef = 25ACE6F42A6D6F530043F22C /* APIError.swift */; };
		25ACE6F72A6D72B50043F22C /* NetworkRequester.swift in Sources */ = {isa = PBXBuildFile; fileRef = 25ACE6F62A6D72B50043F22C /* NetworkRequester.swift */; };
		25ACE6F92A6D8FA70043F22C /* Endpoint.swift in Sources */ = {isa = PBXBuildFile; fileRef = 25ACE6F82A6D8FA70043F22C /* Endpoint.swift */; };
		25ACE6FB2A6D8FBD0043F22C /* ImageSize.swift in Sources */ = {isa = PBXBuildFile; fileRef = 25ACE6FA2A6D8FBD0043F22C /* ImageSize.swift */; };
		25BDDF3B2A7C857500955604 /* StateTogglingViewController.swift in Sources */ = {isa = PBXBuildFile; fileRef = 25BDDF3A2A7C857500955604 /* StateTogglingViewController.swift */; };
		25BDDF3D2A7CA82200955604 /* MovieBackdropCell.swift in Sources */ = {isa = PBXBuildFile; fileRef = 25BDDF3C2A7CA82200955604 /* MovieBackdropCell.swift */; };
		25BDDF412A7CAD2F00955604 /* MovieCell.swift in Sources */ = {isa = PBXBuildFile; fileRef = 25BDDF402A7CAD2F00955604 /* MovieCell.swift */; };
		25C274382A723663008BCA8E /* NowPlayingMovieListViewController.swift in Sources */ = {isa = PBXBuildFile; fileRef = 25C274372A723663008BCA8E /* NowPlayingMovieListViewController.swift */; };
		25C2743A2A725225008BCA8E /* UpcomingMovieListViewController.swift in Sources */ = {isa = PBXBuildFile; fileRef = 25C274392A725225008BCA8E /* UpcomingMovieListViewController.swift */; };
		25C2743E2A73371A008BCA8E /* ListViewDelegate.swift in Sources */ = {isa = PBXBuildFile; fileRef = 25C2743D2A73371A008BCA8E /* ListViewDelegate.swift */; };
		25C274422A739920008BCA8E /* SortCategory.swift in Sources */ = {isa = PBXBuildFile; fileRef = 25C274412A739920008BCA8E /* SortCategory.swift */; };
		25C274462A73A3B8008BCA8E /* DateFormatter.swift in Sources */ = {isa = PBXBuildFile; fileRef = 25C274452A73A3B8008BCA8E /* DateFormatter.swift */; };
		25C274482A73AA85008BCA8E /* TimeInterval+Helpers.swift in Sources */ = {isa = PBXBuildFile; fileRef = 25C274472A73AA85008BCA8E /* TimeInterval+Helpers.swift */; };
		25C2744B2A73F2F7008BCA8E /* SectionHeader.swift in Sources */ = {isa = PBXBuildFile; fileRef = 25C2744A2A73F2F7008BCA8E /* SectionHeader.swift */; };
		25C274502A7437FD008BCA8E /* MovieDetailViewModel.swift in Sources */ = {isa = PBXBuildFile; fileRef = 25C2744F2A7437FD008BCA8E /* MovieDetailViewModel.swift */; };
		25C3E50E2A75BC9D00843F3E /* MovieDetailViewController.swift in Sources */ = {isa = PBXBuildFile; fileRef = 25C3E50D2A75BC9D00843F3E /* MovieDetailViewController.swift */; };
		25C3E5112A75BDA300843F3E /* VerticalStackScrollView.swift in Sources */ = {isa = PBXBuildFile; fileRef = 25C3E5102A75BDA300843F3E /* VerticalStackScrollView.swift */; };
		25C3E5182A76CF4F00843F3E /* NSAttributedString+Helpers.swift in Sources */ = {isa = PBXBuildFile; fileRef = 25C3E5172A76CF4F00843F3E /* NSAttributedString+Helpers.swift */; };
		25C3E51A2A76CFA000843F3E /* Font.swift in Sources */ = {isa = PBXBuildFile; fileRef = 25C3E5192A76CFA000843F3E /* Font.swift */; };
		25C3E51E2A77126000843F3E /* Button.swift in Sources */ = {isa = PBXBuildFile; fileRef = 25C3E51D2A77126000843F3E /* Button.swift */; };
		25C3E5222A77319500843F3E /* GenreCarousel.swift in Sources */ = {isa = PBXBuildFile; fileRef = 25C3E5212A77319500843F3E /* GenreCarousel.swift */; };
		25D4E5F72A6572E300FE41A6 /* API.swift in Sources */ = {isa = PBXBuildFile; fileRef = 25D4E5F62A6572E300FE41A6 /* API.swift */; };
		25E0195F2A51A5A0007BF235 /* AppDelegate.swift in Sources */ = {isa = PBXBuildFile; fileRef = 25E0195E2A51A5A0007BF235 /* AppDelegate.swift */; };
		25E019612A51A5A0007BF235 /* SceneDelegate.swift in Sources */ = {isa = PBXBuildFile; fileRef = 25E019602A51A5A0007BF235 /* SceneDelegate.swift */; };
		25E019632A51A5A0007BF235 /* ListViewController.swift in Sources */ = {isa = PBXBuildFile; fileRef = 25E019622A51A5A0007BF235 /* ListViewController.swift */; };
		25E019682A51A5A2007BF235 /* Assets.xcassets in Resources */ = {isa = PBXBuildFile; fileRef = 25E019672A51A5A2007BF235 /* Assets.xcassets */; };
		25E0196B2A51A5A2007BF235 /* LaunchScreen.storyboard in Resources */ = {isa = PBXBuildFile; fileRef = 25E019692A51A5A2007BF235 /* LaunchScreen.storyboard */; };
		25E019762A51A5A2007BF235 /* MoviesTests.swift in Sources */ = {isa = PBXBuildFile; fileRef = 25E019752A51A5A2007BF235 /* MoviesTests.swift */; };
		25E019802A51A5A2007BF235 /* MoviesUITests.swift in Sources */ = {isa = PBXBuildFile; fileRef = 25E0197F2A51A5A2007BF235 /* MoviesUITests.swift */; };
		25E019822A51A5A2007BF235 /* MoviesUITestsLaunchTests.swift in Sources */ = {isa = PBXBuildFile; fileRef = 25E019812A51A5A2007BF235 /* MoviesUITestsLaunchTests.swift */; };
		25EAA4A72A7B0274007E500B /* CoreDataStore.swift in Sources */ = {isa = PBXBuildFile; fileRef = 25EAA4A62A7B0274007E500B /* CoreDataStore.swift */; };
		25EAA4AA2A7B02AB007E500B /* MovieModel.xcdatamodeld in Sources */ = {isa = PBXBuildFile; fileRef = 25EAA4A82A7B02AB007E500B /* MovieModel.xcdatamodeld */; };
		25EAA4B02A7B2680007E500B /* SavedMoviesListViewModel.swift in Sources */ = {isa = PBXBuildFile; fileRef = 25EAA4AF2A7B2680007E500B /* SavedMoviesListViewModel.swift */; };
/* End PBXBuildFile section */

/* Begin PBXContainerItemProxy section */
		25E019722A51A5A2007BF235 /* PBXContainerItemProxy */ = {
			isa = PBXContainerItemProxy;
			containerPortal = 25E019532A51A5A0007BF235 /* Project object */;
			proxyType = 1;
			remoteGlobalIDString = 25E0195A2A51A5A0007BF235;
			remoteInfo = Movies;
		};
		25E0197C2A51A5A2007BF235 /* PBXContainerItemProxy */ = {
			isa = PBXContainerItemProxy;
			containerPortal = 25E019532A51A5A0007BF235 /* Project object */;
			proxyType = 1;
			remoteGlobalIDString = 25E0195A2A51A5A0007BF235;
			remoteInfo = Movies;
		};
/* End PBXContainerItemProxy section */

/* Begin PBXFileReference section */
		2542CC0A2B263AD5003E82ED /* Carousel.swift */ = {isa = PBXFileReference; lastKnownFileType = sourcecode.swift; path = Carousel.swift; sourceTree = "<group>"; };
		2542CC2E2B27FBF1003E82ED /* Pill.swift */ = {isa = PBXFileReference; lastKnownFileType = sourcecode.swift; path = Pill.swift; sourceTree = "<group>"; };
		2542CC312B28271D003E82ED /* UIView+Helpers.swift */ = {isa = PBXFileReference; lastKnownFileType = sourcecode.swift; path = "UIView+Helpers.swift"; sourceTree = "<group>"; };
		2542CC332B282A76003E82ED /* ReusableView.swift */ = {isa = PBXFileReference; lastKnownFileType = sourcecode.swift; path = ReusableView.swift; sourceTree = "<group>"; };
		256157862A7C29AA008D707C /* NowPlayingMovieListViewModel.swift */ = {isa = PBXFileReference; lastKnownFileType = sourcecode.swift; path = NowPlayingMovieListViewModel.swift; sourceTree = "<group>"; };
		256157882A7C29B7008D707C /* UpcomingMovieListViewModel.swift */ = {isa = PBXFileReference; lastKnownFileType = sourcecode.swift; path = UpcomingMovieListViewModel.swift; sourceTree = "<group>"; };
		257B41642A79D4A30054CB05 /* ScoreMeter.swift */ = {isa = PBXFileReference; lastKnownFileType = sourcecode.swift; path = ScoreMeter.swift; sourceTree = "<group>"; };
		257B41662A79E0D20054CB05 /* ScoreMeterSUI.swift */ = {isa = PBXFileReference; lastKnownFileType = sourcecode.swift; path = ScoreMeterSUI.swift; sourceTree = "<group>"; };
		257B41682A79F7A30054CB05 /* CastCarousel.swift */ = {isa = PBXFileReference; lastKnownFileType = sourcecode.swift; path = CastCarousel.swift; sourceTree = "<group>"; };
		257B416C2A7A03D60054CB05 /* CastCard.swift */ = {isa = PBXFileReference; lastKnownFileType = sourcecode.swift; path = CastCard.swift; sourceTree = "<group>"; };
		257B41702A7A11550054CB05 /* MovieDetailResponse.swift */ = {isa = PBXFileReference; lastKnownFileType = sourcecode.swift; path = MovieDetailResponse.swift; sourceTree = "<group>"; };
		257B41722A7A3E470054CB05 /* MovieVideosResponse.swift */ = {isa = PBXFileReference; lastKnownFileType = sourcecode.swift; path = MovieVideosResponse.swift; sourceTree = "<group>"; };
		257B41762A7A45970054CB05 /* NumberFormatter.swift */ = {isa = PBXFileReference; lastKnownFileType = sourcecode.swift; path = NumberFormatter.swift; sourceTree = "<group>"; };
		257B41782A7A86840054CB05 /* UIImage+Helpers.swift */ = {isa = PBXFileReference; lastKnownFileType = sourcecode.swift; path = "UIImage+Helpers.swift"; sourceTree = "<group>"; };
		257B417A2A7A8DCF0054CB05 /* YoutubeView.swift */ = {isa = PBXFileReference; lastKnownFileType = sourcecode.swift; path = YoutubeView.swift; sourceTree = "<group>"; };
		257B417C2A7AD1AC0054CB05 /* SavedMoviesListViewController.swift */ = {isa = PBXFileReference; lastKnownFileType = sourcecode.swift; path = SavedMoviesListViewController.swift; sourceTree = "<group>"; };
		257D180D2B2BE8A800346246 /* MoviePresenterModel.swift */ = {isa = PBXFileReference; lastKnownFileType = sourcecode.swift; path = MoviePresenterModel.swift; sourceTree = "<group>"; };
		25ACE6E12A6C55440043F22C /* Config.xcconfig */ = {isa = PBXFileReference; lastKnownFileType = text.xcconfig; path = Config.xcconfig; sourceTree = "<group>"; };
		25ACE6E42A6C72900043F22C /* MoviePosterCell.swift */ = {isa = PBXFileReference; lastKnownFileType = sourcecode.swift; path = MoviePosterCell.swift; sourceTree = "<group>"; };
		25ACE6E62A6C74970043F22C /* Movie.swift */ = {isa = PBXFileReference; lastKnownFileType = sourcecode.swift; path = Movie.swift; sourceTree = "<group>"; };
		25ACE6E82A6C795E0043F22C /* MovieListResponse.swift */ = {isa = PBXFileReference; lastKnownFileType = sourcecode.swift; path = MovieListResponse.swift; sourceTree = "<group>"; };
		25ACE6F22A6D697B0043F22C /* ImageLoader.swift */ = {isa = PBXFileReference; lastKnownFileType = sourcecode.swift; path = ImageLoader.swift; sourceTree = "<group>"; };
		25ACE6F42A6D6F530043F22C /* APIError.swift */ = {isa = PBXFileReference; lastKnownFileType = sourcecode.swift; path = APIError.swift; sourceTree = "<group>"; };
		25ACE6F62A6D72B50043F22C /* NetworkRequester.swift */ = {isa = PBXFileReference; lastKnownFileType = sourcecode.swift; path = NetworkRequester.swift; sourceTree = "<group>"; };
		25ACE6F82A6D8FA70043F22C /* Endpoint.swift */ = {isa = PBXFileReference; lastKnownFileType = sourcecode.swift; path = Endpoint.swift; sourceTree = "<group>"; };
		25ACE6FA2A6D8FBD0043F22C /* ImageSize.swift */ = {isa = PBXFileReference; lastKnownFileType = sourcecode.swift; path = ImageSize.swift; sourceTree = "<group>"; };
		25BDDF3A2A7C857500955604 /* StateTogglingViewController.swift */ = {isa = PBXFileReference; lastKnownFileType = sourcecode.swift; path = StateTogglingViewController.swift; sourceTree = "<group>"; };
		25BDDF3C2A7CA82200955604 /* MovieBackdropCell.swift */ = {isa = PBXFileReference; lastKnownFileType = sourcecode.swift; path = MovieBackdropCell.swift; sourceTree = "<group>"; };
		25BDDF402A7CAD2F00955604 /* MovieCell.swift */ = {isa = PBXFileReference; lastKnownFileType = sourcecode.swift; path = MovieCell.swift; sourceTree = "<group>"; };
		25C274372A723663008BCA8E /* NowPlayingMovieListViewController.swift */ = {isa = PBXFileReference; lastKnownFileType = sourcecode.swift; path = NowPlayingMovieListViewController.swift; sourceTree = "<group>"; };
		25C274392A725225008BCA8E /* UpcomingMovieListViewController.swift */ = {isa = PBXFileReference; lastKnownFileType = sourcecode.swift; path = UpcomingMovieListViewController.swift; sourceTree = "<group>"; };
		25C2743D2A73371A008BCA8E /* ListViewDelegate.swift */ = {isa = PBXFileReference; lastKnownFileType = sourcecode.swift; path = ListViewDelegate.swift; sourceTree = "<group>"; };
		25C274412A739920008BCA8E /* SortCategory.swift */ = {isa = PBXFileReference; lastKnownFileType = sourcecode.swift; path = SortCategory.swift; sourceTree = "<group>"; };
		25C274452A73A3B8008BCA8E /* DateFormatter.swift */ = {isa = PBXFileReference; lastKnownFileType = sourcecode.swift; path = DateFormatter.swift; sourceTree = "<group>"; };
		25C274472A73AA85008BCA8E /* TimeInterval+Helpers.swift */ = {isa = PBXFileReference; lastKnownFileType = sourcecode.swift; path = "TimeInterval+Helpers.swift"; sourceTree = "<group>"; };
		25C2744A2A73F2F7008BCA8E /* SectionHeader.swift */ = {isa = PBXFileReference; lastKnownFileType = sourcecode.swift; path = SectionHeader.swift; sourceTree = "<group>"; };
		25C2744F2A7437FD008BCA8E /* MovieDetailViewModel.swift */ = {isa = PBXFileReference; lastKnownFileType = sourcecode.swift; path = MovieDetailViewModel.swift; sourceTree = "<group>"; };
		25C3E50D2A75BC9D00843F3E /* MovieDetailViewController.swift */ = {isa = PBXFileReference; lastKnownFileType = sourcecode.swift; path = MovieDetailViewController.swift; sourceTree = "<group>"; };
		25C3E5102A75BDA300843F3E /* VerticalStackScrollView.swift */ = {isa = PBXFileReference; lastKnownFileType = sourcecode.swift; path = VerticalStackScrollView.swift; sourceTree = "<group>"; };
		25C3E5172A76CF4F00843F3E /* NSAttributedString+Helpers.swift */ = {isa = PBXFileReference; lastKnownFileType = sourcecode.swift; path = "NSAttributedString+Helpers.swift"; sourceTree = "<group>"; };
		25C3E5192A76CFA000843F3E /* Font.swift */ = {isa = PBXFileReference; lastKnownFileType = sourcecode.swift; path = Font.swift; sourceTree = "<group>"; };
		25C3E51D2A77126000843F3E /* Button.swift */ = {isa = PBXFileReference; lastKnownFileType = sourcecode.swift; path = Button.swift; sourceTree = "<group>"; };
		25C3E5212A77319500843F3E /* GenreCarousel.swift */ = {isa = PBXFileReference; lastKnownFileType = sourcecode.swift; path = GenreCarousel.swift; sourceTree = "<group>"; };
		25D4E5F62A6572E300FE41A6 /* API.swift */ = {isa = PBXFileReference; lastKnownFileType = sourcecode.swift; path = API.swift; sourceTree = "<group>"; };
		25E0195B2A51A5A0007BF235 /* Movies.app */ = {isa = PBXFileReference; explicitFileType = wrapper.application; includeInIndex = 0; path = Movies.app; sourceTree = BUILT_PRODUCTS_DIR; };
		25E0195E2A51A5A0007BF235 /* AppDelegate.swift */ = {isa = PBXFileReference; lastKnownFileType = sourcecode.swift; path = AppDelegate.swift; sourceTree = "<group>"; };
		25E019602A51A5A0007BF235 /* SceneDelegate.swift */ = {isa = PBXFileReference; lastKnownFileType = sourcecode.swift; path = SceneDelegate.swift; sourceTree = "<group>"; };
		25E019622A51A5A0007BF235 /* ListViewController.swift */ = {isa = PBXFileReference; lastKnownFileType = sourcecode.swift; path = ListViewController.swift; sourceTree = "<group>"; };
		25E019672A51A5A2007BF235 /* Assets.xcassets */ = {isa = PBXFileReference; lastKnownFileType = folder.assetcatalog; path = Assets.xcassets; sourceTree = "<group>"; };
		25E0196A2A51A5A2007BF235 /* Base */ = {isa = PBXFileReference; lastKnownFileType = file.storyboard; name = Base; path = Base.lproj/LaunchScreen.storyboard; sourceTree = "<group>"; };
		25E0196C2A51A5A2007BF235 /* Info.plist */ = {isa = PBXFileReference; lastKnownFileType = text.plist.xml; path = Info.plist; sourceTree = "<group>"; };
		25E019712A51A5A2007BF235 /* MoviesTests.xctest */ = {isa = PBXFileReference; explicitFileType = wrapper.cfbundle; includeInIndex = 0; path = MoviesTests.xctest; sourceTree = BUILT_PRODUCTS_DIR; };
		25E019752A51A5A2007BF235 /* MoviesTests.swift */ = {isa = PBXFileReference; lastKnownFileType = sourcecode.swift; path = MoviesTests.swift; sourceTree = "<group>"; };
		25E0197B2A51A5A2007BF235 /* MoviesUITests.xctest */ = {isa = PBXFileReference; explicitFileType = wrapper.cfbundle; includeInIndex = 0; path = MoviesUITests.xctest; sourceTree = BUILT_PRODUCTS_DIR; };
		25E0197F2A51A5A2007BF235 /* MoviesUITests.swift */ = {isa = PBXFileReference; lastKnownFileType = sourcecode.swift; path = MoviesUITests.swift; sourceTree = "<group>"; };
		25E019812A51A5A2007BF235 /* MoviesUITestsLaunchTests.swift */ = {isa = PBXFileReference; lastKnownFileType = sourcecode.swift; path = MoviesUITestsLaunchTests.swift; sourceTree = "<group>"; };
		25EAA4A62A7B0274007E500B /* CoreDataStore.swift */ = {isa = PBXFileReference; fileEncoding = 4; lastKnownFileType = sourcecode.swift; path = CoreDataStore.swift; sourceTree = "<group>"; };
		25EAA4A92A7B02AB007E500B /* MovieModel.xcdatamodel */ = {isa = PBXFileReference; lastKnownFileType = wrapper.xcdatamodel; path = MovieModel.xcdatamodel; sourceTree = "<group>"; };
		25EAA4AF2A7B2680007E500B /* SavedMoviesListViewModel.swift */ = {isa = PBXFileReference; lastKnownFileType = sourcecode.swift; path = SavedMoviesListViewModel.swift; sourceTree = "<group>"; };
/* End PBXFileReference section */

/* Begin PBXFrameworksBuildPhase section */
		25E019582A51A5A0007BF235 /* Frameworks */ = {
			isa = PBXFrameworksBuildPhase;
			buildActionMask = 2147483647;
			files = (
				257C955E2A8DAE6C0064D950 /* YouTubePlayerKit in Frameworks */,
			);
			runOnlyForDeploymentPostprocessing = 0;
		};
		25E0196E2A51A5A2007BF235 /* Frameworks */ = {
			isa = PBXFrameworksBuildPhase;
			buildActionMask = 2147483647;
			files = (
			);
			runOnlyForDeploymentPostprocessing = 0;
		};
		25E019782A51A5A2007BF235 /* Frameworks */ = {
			isa = PBXFrameworksBuildPhase;
			buildActionMask = 2147483647;
			files = (
			);
			runOnlyForDeploymentPostprocessing = 0;
		};
/* End PBXFrameworksBuildPhase section */

/* Begin PBXGroup section */
		257D180C2B2BE87B00346246 /* PresenterModels */ = {
			isa = PBXGroup;
			children = (
				257D180D2B2BE8A800346246 /* MoviePresenterModel.swift */,
			);
			path = PresenterModels;
			sourceTree = "<group>";
		};
		25ACE6EC2A6C9B960043F22C /* ViewModels */ = {
			isa = PBXGroup;
			children = (
				256157862A7C29AA008D707C /* NowPlayingMovieListViewModel.swift */,
				256157882A7C29B7008D707C /* UpcomingMovieListViewModel.swift */,
				25C2744F2A7437FD008BCA8E /* MovieDetailViewModel.swift */,
				25EAA4AF2A7B2680007E500B /* SavedMoviesListViewModel.swift */,
			);
			path = ViewModels;
			sourceTree = "<group>";
		};
		25ACE6ED2A6C9BDB0043F22C /* Cells */ = {
			isa = PBXGroup;
			children = (
				257B416C2A7A03D60054CB05 /* CastCard.swift */,
				2542CC2E2B27FBF1003E82ED /* Pill.swift */,
				25C2744A2A73F2F7008BCA8E /* SectionHeader.swift */,
				25ACE6E42A6C72900043F22C /* MoviePosterCell.swift */,
				25BDDF3C2A7CA82200955604 /* MovieBackdropCell.swift */,
				25BDDF402A7CAD2F00955604 /* MovieCell.swift */,
			);
			path = Cells;
			sourceTree = "<group>";
		};
		25ACE6EE2A6C9BF40043F22C /* Networking */ = {
			isa = PBXGroup;
			children = (
				25ACE6FD2A6D96660043F22C /* Errors */,
				25ACE6EF2A6C9C430043F22C /* Decodable */,
				25D4E5F62A6572E300FE41A6 /* API.swift */,
				25ACE6F22A6D697B0043F22C /* ImageLoader.swift */,
				25ACE6F62A6D72B50043F22C /* NetworkRequester.swift */,
				25ACE6F82A6D8FA70043F22C /* Endpoint.swift */,
			);
			path = Networking;
			sourceTree = "<group>";
		};
		25ACE6EF2A6C9C430043F22C /* Decodable */ = {
			isa = PBXGroup;
			children = (
				25ACE6E82A6C795E0043F22C /* MovieListResponse.swift */,
				25ACE6E62A6C74970043F22C /* Movie.swift */,
				257B41702A7A11550054CB05 /* MovieDetailResponse.swift */,
				257B41722A7A3E470054CB05 /* MovieVideosResponse.swift */,
			);
			path = Decodable;
			sourceTree = "<group>";
		};
		25ACE6F02A6C9C880043F22C /* Launch */ = {
			isa = PBXGroup;
			children = (
				25E019692A51A5A2007BF235 /* LaunchScreen.storyboard */,
				25E0195E2A51A5A0007BF235 /* AppDelegate.swift */,
				25E019602A51A5A0007BF235 /* SceneDelegate.swift */,
			);
			path = Launch;
			sourceTree = "<group>";
		};
		25ACE6FC2A6D962B0043F22C /* Utilities */ = {
			isa = PBXGroup;
			children = (
				25ACE6FA2A6D8FBD0043F22C /* ImageSize.swift */,
				25C274412A739920008BCA8E /* SortCategory.swift */,
				25C274452A73A3B8008BCA8E /* DateFormatter.swift */,
				25C274472A73AA85008BCA8E /* TimeInterval+Helpers.swift */,
				25C3E5172A76CF4F00843F3E /* NSAttributedString+Helpers.swift */,
				25C3E5192A76CFA000843F3E /* Font.swift */,
				257B41762A7A45970054CB05 /* NumberFormatter.swift */,
				257B41782A7A86840054CB05 /* UIImage+Helpers.swift */,
				2542CC312B28271D003E82ED /* UIView+Helpers.swift */,
				2542CC332B282A76003E82ED /* ReusableView.swift */,
			);
			path = Utilities;
			sourceTree = "<group>";
		};
		25ACE6FD2A6D96660043F22C /* Errors */ = {
			isa = PBXGroup;
			children = (
				25ACE6F42A6D6F530043F22C /* APIError.swift */,
			);
			path = Errors;
			sourceTree = "<group>";
		};
		25ACE6FE2A6D967D0043F22C /* ViewControllers */ = {
			isa = PBXGroup;
			children = (
				25E019622A51A5A0007BF235 /* ListViewController.swift */,
				25C2743D2A73371A008BCA8E /* ListViewDelegate.swift */,
				25C274372A723663008BCA8E /* NowPlayingMovieListViewController.swift */,
				25C274392A725225008BCA8E /* UpcomingMovieListViewController.swift */,
				25C3E50D2A75BC9D00843F3E /* MovieDetailViewController.swift */,
				257B417C2A7AD1AC0054CB05 /* SavedMoviesListViewController.swift */,
				25BDDF3A2A7C857500955604 /* StateTogglingViewController.swift */,
			);
			path = ViewControllers;
			sourceTree = "<group>";
		};
		25C3E50F2A75BD4000843F3E /* Views */ = {
			isa = PBXGroup;
			children = (
				25C3E5102A75BDA300843F3E /* VerticalStackScrollView.swift */,
				25C3E51D2A77126000843F3E /* Button.swift */,
				25C3E5212A77319500843F3E /* GenreCarousel.swift */,
				257B41642A79D4A30054CB05 /* ScoreMeter.swift */,
				257B41662A79E0D20054CB05 /* ScoreMeterSUI.swift */,
				257B41682A79F7A30054CB05 /* CastCarousel.swift */,
				2542CC0A2B263AD5003E82ED /* Carousel.swift */,
				257B417A2A7A8DCF0054CB05 /* YoutubeView.swift */,
			);
			path = Views;
			sourceTree = "<group>";
		};
		25E019522A51A5A0007BF235 = {
			isa = PBXGroup;
			children = (
				25E0195D2A51A5A0007BF235 /* Movies */,
				25E019742A51A5A2007BF235 /* MoviesTests */,
				25E0197E2A51A5A2007BF235 /* MoviesUITests */,
				25E0195C2A51A5A0007BF235 /* Products */,
			);
			sourceTree = "<group>";
		};
		25E0195C2A51A5A0007BF235 /* Products */ = {
			isa = PBXGroup;
			children = (
				25E0195B2A51A5A0007BF235 /* Movies.app */,
				25E019712A51A5A2007BF235 /* MoviesTests.xctest */,
				25E0197B2A51A5A2007BF235 /* MoviesUITests.xctest */,
			);
			name = Products;
			sourceTree = "<group>";
		};
		25E0195D2A51A5A0007BF235 /* Movies */ = {
			isa = PBXGroup;
			children = (
				25ACE6E12A6C55440043F22C /* Config.xcconfig */,
				25E0196C2A51A5A2007BF235 /* Info.plist */,
				25E019672A51A5A2007BF235 /* Assets.xcassets */,
				25ACE6F02A6C9C880043F22C /* Launch */,
				25ACE6FE2A6D967D0043F22C /* ViewControllers */,
				25ACE6EC2A6C9B960043F22C /* ViewModels */,
				257D180C2B2BE87B00346246 /* PresenterModels */,
				25C3E50F2A75BD4000843F3E /* Views */,
				25ACE6ED2A6C9BDB0043F22C /* Cells */,
				25ACE6EE2A6C9BF40043F22C /* Networking */,
				25EAA4A52A7B024B007E500B /* CoreData */,
				25ACE6FC2A6D962B0043F22C /* Utilities */,
			);
			path = Movies;
			sourceTree = "<group>";
		};
		25E019742A51A5A2007BF235 /* MoviesTests */ = {
			isa = PBXGroup;
			children = (
				25E019752A51A5A2007BF235 /* MoviesTests.swift */,
			);
			path = MoviesTests;
			sourceTree = "<group>";
		};
		25E0197E2A51A5A2007BF235 /* MoviesUITests */ = {
			isa = PBXGroup;
			children = (
				25E0197F2A51A5A2007BF235 /* MoviesUITests.swift */,
				25E019812A51A5A2007BF235 /* MoviesUITestsLaunchTests.swift */,
			);
			path = MoviesUITests;
			sourceTree = "<group>";
		};
		25EAA4A52A7B024B007E500B /* CoreData */ = {
			isa = PBXGroup;
			children = (
				25EAA4A62A7B0274007E500B /* CoreDataStore.swift */,
				25EAA4A82A7B02AB007E500B /* MovieModel.xcdatamodeld */,
			);
			path = CoreData;
			sourceTree = "<group>";
		};
/* End PBXGroup section */

/* Begin PBXNativeTarget section */
		25E0195A2A51A5A0007BF235 /* Movies */ = {
			isa = PBXNativeTarget;
			buildConfigurationList = 25E019852A51A5A2007BF235 /* Build configuration list for PBXNativeTarget "Movies" */;
			buildPhases = (
				25E019572A51A5A0007BF235 /* Sources */,
				25E019582A51A5A0007BF235 /* Frameworks */,
				25E019592A51A5A0007BF235 /* Resources */,
			);
			buildRules = (
			);
			dependencies = (
			);
			name = Movies;
			packageProductDependencies = (
				257C955D2A8DAE6C0064D950 /* YouTubePlayerKit */,
			);
			productName = Movies;
			productReference = 25E0195B2A51A5A0007BF235 /* Movies.app */;
			productType = "com.apple.product-type.application";
		};
		25E019702A51A5A2007BF235 /* MoviesTests */ = {
			isa = PBXNativeTarget;
			buildConfigurationList = 25E019882A51A5A2007BF235 /* Build configuration list for PBXNativeTarget "MoviesTests" */;
			buildPhases = (
				25E0196D2A51A5A2007BF235 /* Sources */,
				25E0196E2A51A5A2007BF235 /* Frameworks */,
				25E0196F2A51A5A2007BF235 /* Resources */,
			);
			buildRules = (
			);
			dependencies = (
				25E019732A51A5A2007BF235 /* PBXTargetDependency */,
			);
			name = MoviesTests;
			productName = MoviesTests;
			productReference = 25E019712A51A5A2007BF235 /* MoviesTests.xctest */;
			productType = "com.apple.product-type.bundle.unit-test";
		};
		25E0197A2A51A5A2007BF235 /* MoviesUITests */ = {
			isa = PBXNativeTarget;
			buildConfigurationList = 25E0198B2A51A5A2007BF235 /* Build configuration list for PBXNativeTarget "MoviesUITests" */;
			buildPhases = (
				25E019772A51A5A2007BF235 /* Sources */,
				25E019782A51A5A2007BF235 /* Frameworks */,
				25E019792A51A5A2007BF235 /* Resources */,
			);
			buildRules = (
			);
			dependencies = (
				25E0197D2A51A5A2007BF235 /* PBXTargetDependency */,
			);
			name = MoviesUITests;
			productName = MoviesUITests;
			productReference = 25E0197B2A51A5A2007BF235 /* MoviesUITests.xctest */;
			productType = "com.apple.product-type.bundle.ui-testing";
		};
/* End PBXNativeTarget section */

/* Begin PBXProject section */
		25E019532A51A5A0007BF235 /* Project object */ = {
			isa = PBXProject;
			attributes = {
				BuildIndependentTargetsInParallel = 1;
				LastSwiftUpdateCheck = 1430;
				LastUpgradeCheck = 1430;
				TargetAttributes = {
					25E0195A2A51A5A0007BF235 = {
						CreatedOnToolsVersion = 14.3.1;
					};
					25E019702A51A5A2007BF235 = {
						CreatedOnToolsVersion = 14.3.1;
						TestTargetID = 25E0195A2A51A5A0007BF235;
					};
					25E0197A2A51A5A2007BF235 = {
						CreatedOnToolsVersion = 14.3.1;
						TestTargetID = 25E0195A2A51A5A0007BF235;
					};
				};
			};
			buildConfigurationList = 25E019562A51A5A0007BF235 /* Build configuration list for PBXProject "Movies" */;
			compatibilityVersion = "Xcode 14.0";
			developmentRegion = en;
			hasScannedForEncodings = 0;
			knownRegions = (
				en,
				Base,
			);
			mainGroup = 25E019522A51A5A0007BF235;
			packageReferences = (
				257C955C2A8DAE6C0064D950 /* XCRemoteSwiftPackageReference "YouTubePlayerKit" */,
			);
			productRefGroup = 25E0195C2A51A5A0007BF235 /* Products */;
			projectDirPath = "";
			projectRoot = "";
			targets = (
				25E0195A2A51A5A0007BF235 /* Movies */,
				25E019702A51A5A2007BF235 /* MoviesTests */,
				25E0197A2A51A5A2007BF235 /* MoviesUITests */,
			);
		};
/* End PBXProject section */

/* Begin PBXResourcesBuildPhase section */
		25E019592A51A5A0007BF235 /* Resources */ = {
			isa = PBXResourcesBuildPhase;
			buildActionMask = 2147483647;
			files = (
				25E0196B2A51A5A2007BF235 /* LaunchScreen.storyboard in Resources */,
				25E019682A51A5A2007BF235 /* Assets.xcassets in Resources */,
			);
			runOnlyForDeploymentPostprocessing = 0;
		};
		25E0196F2A51A5A2007BF235 /* Resources */ = {
			isa = PBXResourcesBuildPhase;
			buildActionMask = 2147483647;
			files = (
			);
			runOnlyForDeploymentPostprocessing = 0;
		};
		25E019792A51A5A2007BF235 /* Resources */ = {
			isa = PBXResourcesBuildPhase;
			buildActionMask = 2147483647;
			files = (
			);
			runOnlyForDeploymentPostprocessing = 0;
		};
/* End PBXResourcesBuildPhase section */

/* Begin PBXSourcesBuildPhase section */
		25E019572A51A5A0007BF235 /* Sources */ = {
			isa = PBXSourcesBuildPhase;
			buildActionMask = 2147483647;
			files = (
				25ACE6E72A6C74970043F22C /* Movie.swift in Sources */,
				257B417B2A7A8DCF0054CB05 /* YoutubeView.swift in Sources */,
				25C3E51A2A76CFA000843F3E /* Font.swift in Sources */,
				25C3E51E2A77126000843F3E /* Button.swift in Sources */,
				25C2744B2A73F2F7008BCA8E /* SectionHeader.swift in Sources */,
				257B417D2A7AD1AC0054CB05 /* SavedMoviesListViewController.swift in Sources */,
				25C2743E2A73371A008BCA8E /* ListViewDelegate.swift in Sources */,
				2542CC2F2B27FBF1003E82ED /* Pill.swift in Sources */,
				257B41712A7A11550054CB05 /* MovieDetailResponse.swift in Sources */,
				25ACE6F32A6D697C0043F22C /* ImageLoader.swift in Sources */,
				257B41732A7A3E470054CB05 /* MovieVideosResponse.swift in Sources */,
				25ACE6F92A6D8FA70043F22C /* Endpoint.swift in Sources */,
				25C2743A2A725225008BCA8E /* UpcomingMovieListViewController.swift in Sources */,
				256157872A7C29AA008D707C /* NowPlayingMovieListViewModel.swift in Sources */,
				25BDDF412A7CAD2F00955604 /* MovieCell.swift in Sources */,
				257B41772A7A45970054CB05 /* NumberFormatter.swift in Sources */,
				256157892A7C29B7008D707C /* UpcomingMovieListViewModel.swift in Sources */,
				25E019632A51A5A0007BF235 /* ListViewController.swift in Sources */,
				25ACE6E52A6C72900043F22C /* MoviePosterCell.swift in Sources */,
				25EAA4AA2A7B02AB007E500B /* MovieModel.xcdatamodeld in Sources */,
				25C274462A73A3B8008BCA8E /* DateFormatter.swift in Sources */,
				25E0195F2A51A5A0007BF235 /* AppDelegate.swift in Sources */,
				25ACE6E92A6C795E0043F22C /* MovieListResponse.swift in Sources */,
				25C274502A7437FD008BCA8E /* MovieDetailViewModel.swift in Sources */,
				25C274482A73AA85008BCA8E /* TimeInterval+Helpers.swift in Sources */,
				25C3E5182A76CF4F00843F3E /* NSAttributedString+Helpers.swift in Sources */,
				25C3E5222A77319500843F3E /* GenreCarousel.swift in Sources */,
				25BDDF3D2A7CA82200955604 /* MovieBackdropCell.swift in Sources */,
				25EAA4A72A7B0274007E500B /* CoreDataStore.swift in Sources */,
				257B41652A79D4A40054CB05 /* ScoreMeter.swift in Sources */,
				2542CC342B282A76003E82ED /* ReusableView.swift in Sources */,
				25D4E5F72A6572E300FE41A6 /* API.swift in Sources */,
				25BDDF3B2A7C857500955604 /* StateTogglingViewController.swift in Sources */,
				25C274382A723663008BCA8E /* NowPlayingMovieListViewController.swift in Sources */,
				257B416D2A7A03D60054CB05 /* CastCard.swift in Sources */,
				25C274422A739920008BCA8E /* SortCategory.swift in Sources */,
				257B41672A79E0D20054CB05 /* ScoreMeterSUI.swift in Sources */,
				25E019612A51A5A0007BF235 /* SceneDelegate.swift in Sources */,
				25ACE6F52A6D6F530043F22C /* APIError.swift in Sources */,
				2542CC0B2B263AD5003E82ED /* Carousel.swift in Sources */,
				25ACE6FB2A6D8FBD0043F22C /* ImageSize.swift in Sources */,
				2542CC322B28271D003E82ED /* UIView+Helpers.swift in Sources */,
				257B41792A7A86840054CB05 /* UIImage+Helpers.swift in Sources */,
				25EAA4B02A7B2680007E500B /* SavedMoviesListViewModel.swift in Sources */,
				257D180E2B2BE8A800346246 /* MoviePresenterModel.swift in Sources */,
				257B41692A79F7A30054CB05 /* CastCarousel.swift in Sources */,
				25C3E50E2A75BC9D00843F3E /* MovieDetailViewController.swift in Sources */,
				25C3E5112A75BDA300843F3E /* VerticalStackScrollView.swift in Sources */,
				25ACE6F72A6D72B50043F22C /* NetworkRequester.swift in Sources */,
			);
			runOnlyForDeploymentPostprocessing = 0;
		};
		25E0196D2A51A5A2007BF235 /* Sources */ = {
			isa = PBXSourcesBuildPhase;
			buildActionMask = 2147483647;
			files = (
				25E019762A51A5A2007BF235 /* MoviesTests.swift in Sources */,
			);
			runOnlyForDeploymentPostprocessing = 0;
		};
		25E019772A51A5A2007BF235 /* Sources */ = {
			isa = PBXSourcesBuildPhase;
			buildActionMask = 2147483647;
			files = (
				25E019802A51A5A2007BF235 /* MoviesUITests.swift in Sources */,
				25E019822A51A5A2007BF235 /* MoviesUITestsLaunchTests.swift in Sources */,
			);
			runOnlyForDeploymentPostprocessing = 0;
		};
/* End PBXSourcesBuildPhase section */

/* Begin PBXTargetDependency section */
		25E019732A51A5A2007BF235 /* PBXTargetDependency */ = {
			isa = PBXTargetDependency;
			target = 25E0195A2A51A5A0007BF235 /* Movies */;
			targetProxy = 25E019722A51A5A2007BF235 /* PBXContainerItemProxy */;
		};
		25E0197D2A51A5A2007BF235 /* PBXTargetDependency */ = {
			isa = PBXTargetDependency;
			target = 25E0195A2A51A5A0007BF235 /* Movies */;
			targetProxy = 25E0197C2A51A5A2007BF235 /* PBXContainerItemProxy */;
		};
/* End PBXTargetDependency section */

/* Begin PBXVariantGroup section */
		25E019692A51A5A2007BF235 /* LaunchScreen.storyboard */ = {
			isa = PBXVariantGroup;
			children = (
				25E0196A2A51A5A2007BF235 /* Base */,
			);
			name = LaunchScreen.storyboard;
			sourceTree = "<group>";
		};
/* End PBXVariantGroup section */

/* Begin XCBuildConfiguration section */
		25E019832A51A5A2007BF235 /* Debug */ = {
			isa = XCBuildConfiguration;
			baseConfigurationReference = 25ACE6E12A6C55440043F22C /* Config.xcconfig */;
			buildSettings = {
				ALWAYS_SEARCH_USER_PATHS = NO;
				CLANG_ANALYZER_NONNULL = YES;
				CLANG_ANALYZER_NUMBER_OBJECT_CONVERSION = YES_AGGRESSIVE;
				CLANG_CXX_LANGUAGE_STANDARD = "gnu++20";
				CLANG_ENABLE_MODULES = YES;
				CLANG_ENABLE_OBJC_ARC = YES;
				CLANG_ENABLE_OBJC_WEAK = YES;
				CLANG_WARN_BLOCK_CAPTURE_AUTORELEASING = YES;
				CLANG_WARN_BOOL_CONVERSION = YES;
				CLANG_WARN_COMMA = YES;
				CLANG_WARN_CONSTANT_CONVERSION = YES;
				CLANG_WARN_DEPRECATED_OBJC_IMPLEMENTATIONS = YES;
				CLANG_WARN_DIRECT_OBJC_ISA_USAGE = YES_ERROR;
				CLANG_WARN_DOCUMENTATION_COMMENTS = YES;
				CLANG_WARN_EMPTY_BODY = YES;
				CLANG_WARN_ENUM_CONVERSION = YES;
				CLANG_WARN_INFINITE_RECURSION = YES;
				CLANG_WARN_INT_CONVERSION = YES;
				CLANG_WARN_NON_LITERAL_NULL_CONVERSION = YES;
				CLANG_WARN_OBJC_IMPLICIT_RETAIN_SELF = YES;
				CLANG_WARN_OBJC_LITERAL_CONVERSION = YES;
				CLANG_WARN_OBJC_ROOT_CLASS = YES_ERROR;
				CLANG_WARN_QUOTED_INCLUDE_IN_FRAMEWORK_HEADER = YES;
				CLANG_WARN_RANGE_LOOP_ANALYSIS = YES;
				CLANG_WARN_STRICT_PROTOTYPES = YES;
				CLANG_WARN_SUSPICIOUS_MOVE = YES;
				CLANG_WARN_UNGUARDED_AVAILABILITY = YES_AGGRESSIVE;
				CLANG_WARN_UNREACHABLE_CODE = YES;
				CLANG_WARN__DUPLICATE_METHOD_MATCH = YES;
				COPY_PHASE_STRIP = NO;
				DEBUG_INFORMATION_FORMAT = dwarf;
				ENABLE_STRICT_OBJC_MSGSEND = YES;
				ENABLE_TESTABILITY = YES;
				GCC_C_LANGUAGE_STANDARD = gnu11;
				GCC_DYNAMIC_NO_PIC = NO;
				GCC_NO_COMMON_BLOCKS = YES;
				GCC_OPTIMIZATION_LEVEL = 0;
				GCC_PREPROCESSOR_DEFINITIONS = (
					"DEBUG=1",
					"$(inherited)",
				);
				GCC_WARN_64_TO_32_BIT_CONVERSION = YES;
				GCC_WARN_ABOUT_RETURN_TYPE = YES_ERROR;
				GCC_WARN_UNDECLARED_SELECTOR = YES;
				GCC_WARN_UNINITIALIZED_AUTOS = YES_AGGRESSIVE;
				GCC_WARN_UNUSED_FUNCTION = YES;
				GCC_WARN_UNUSED_VARIABLE = YES;
				IPHONEOS_DEPLOYMENT_TARGET = 16.4;
				MTL_ENABLE_DEBUG_INFO = INCLUDE_SOURCE;
				MTL_FAST_MATH = YES;
				ONLY_ACTIVE_ARCH = YES;
				SDKROOT = iphoneos;
				SWIFT_ACTIVE_COMPILATION_CONDITIONS = DEBUG;
				SWIFT_OPTIMIZATION_LEVEL = "-Onone";
			};
			name = Debug;
		};
		25E019842A51A5A2007BF235 /* Release */ = {
			isa = XCBuildConfiguration;
			baseConfigurationReference = 25ACE6E12A6C55440043F22C /* Config.xcconfig */;
			buildSettings = {
				ALWAYS_SEARCH_USER_PATHS = NO;
				CLANG_ANALYZER_NONNULL = YES;
				CLANG_ANALYZER_NUMBER_OBJECT_CONVERSION = YES_AGGRESSIVE;
				CLANG_CXX_LANGUAGE_STANDARD = "gnu++20";
				CLANG_ENABLE_MODULES = YES;
				CLANG_ENABLE_OBJC_ARC = YES;
				CLANG_ENABLE_OBJC_WEAK = YES;
				CLANG_WARN_BLOCK_CAPTURE_AUTORELEASING = YES;
				CLANG_WARN_BOOL_CONVERSION = YES;
				CLANG_WARN_COMMA = YES;
				CLANG_WARN_CONSTANT_CONVERSION = YES;
				CLANG_WARN_DEPRECATED_OBJC_IMPLEMENTATIONS = YES;
				CLANG_WARN_DIRECT_OBJC_ISA_USAGE = YES_ERROR;
				CLANG_WARN_DOCUMENTATION_COMMENTS = YES;
				CLANG_WARN_EMPTY_BODY = YES;
				CLANG_WARN_ENUM_CONVERSION = YES;
				CLANG_WARN_INFINITE_RECURSION = YES;
				CLANG_WARN_INT_CONVERSION = YES;
				CLANG_WARN_NON_LITERAL_NULL_CONVERSION = YES;
				CLANG_WARN_OBJC_IMPLICIT_RETAIN_SELF = YES;
				CLANG_WARN_OBJC_LITERAL_CONVERSION = YES;
				CLANG_WARN_OBJC_ROOT_CLASS = YES_ERROR;
				CLANG_WARN_QUOTED_INCLUDE_IN_FRAMEWORK_HEADER = YES;
				CLANG_WARN_RANGE_LOOP_ANALYSIS = YES;
				CLANG_WARN_STRICT_PROTOTYPES = YES;
				CLANG_WARN_SUSPICIOUS_MOVE = YES;
				CLANG_WARN_UNGUARDED_AVAILABILITY = YES_AGGRESSIVE;
				CLANG_WARN_UNREACHABLE_CODE = YES;
				CLANG_WARN__DUPLICATE_METHOD_MATCH = YES;
				COPY_PHASE_STRIP = NO;
				DEBUG_INFORMATION_FORMAT = "dwarf-with-dsym";
				ENABLE_NS_ASSERTIONS = NO;
				ENABLE_STRICT_OBJC_MSGSEND = YES;
				GCC_C_LANGUAGE_STANDARD = gnu11;
				GCC_NO_COMMON_BLOCKS = YES;
				GCC_WARN_64_TO_32_BIT_CONVERSION = YES;
				GCC_WARN_ABOUT_RETURN_TYPE = YES_ERROR;
				GCC_WARN_UNDECLARED_SELECTOR = YES;
				GCC_WARN_UNINITIALIZED_AUTOS = YES_AGGRESSIVE;
				GCC_WARN_UNUSED_FUNCTION = YES;
				GCC_WARN_UNUSED_VARIABLE = YES;
				IPHONEOS_DEPLOYMENT_TARGET = 16.4;
				MTL_ENABLE_DEBUG_INFO = NO;
				MTL_FAST_MATH = YES;
				SDKROOT = iphoneos;
				SWIFT_COMPILATION_MODE = wholemodule;
				SWIFT_OPTIMIZATION_LEVEL = "-O";
				VALIDATE_PRODUCT = YES;
			};
			name = Release;
		};
		25E019862A51A5A2007BF235 /* Debug */ = {
			isa = XCBuildConfiguration;
			buildSettings = {
				ASSETCATALOG_COMPILER_APPICON_NAME = AppIcon;
				ASSETCATALOG_COMPILER_GLOBAL_ACCENT_COLOR_NAME = AccentColor;
				CODE_SIGN_STYLE = Automatic;
				CURRENT_PROJECT_VERSION = 1;
				GENERATE_INFOPLIST_FILE = YES;
				INFOPLIST_FILE = Movies/Info.plist;
				INFOPLIST_KEY_UIApplicationSupportsIndirectInputEvents = YES;
				INFOPLIST_KEY_UILaunchStoryboardName = LaunchScreen;
				INFOPLIST_KEY_UIRequiresFullScreen = YES;
				INFOPLIST_KEY_UISupportedInterfaceOrientations_iPad = UIInterfaceOrientationPortrait;
				INFOPLIST_KEY_UISupportedInterfaceOrientations_iPhone = UIInterfaceOrientationPortrait;
				INFOPLIST_KEY_UIUserInterfaceStyle = Light;
				LD_RUNPATH_SEARCH_PATHS = (
					"$(inherited)",
					"@executable_path/Frameworks",
				);
				MARKETING_VERSION = 1.0;
				PRODUCT_BUNDLE_IDENTIFIER = com.madebyisiah.Movies;
				PRODUCT_NAME = "$(TARGET_NAME)";
				SWIFT_EMIT_LOC_STRINGS = YES;
				SWIFT_VERSION = 5.0;
				TARGETED_DEVICE_FAMILY = "1,2";
			};
			name = Debug;
		};
		25E019872A51A5A2007BF235 /* Release */ = {
			isa = XCBuildConfiguration;
			buildSettings = {
				ASSETCATALOG_COMPILER_APPICON_NAME = AppIcon;
				ASSETCATALOG_COMPILER_GLOBAL_ACCENT_COLOR_NAME = AccentColor;
				CODE_SIGN_STYLE = Automatic;
				CURRENT_PROJECT_VERSION = 1;
				GENERATE_INFOPLIST_FILE = YES;
				INFOPLIST_FILE = Movies/Info.plist;
				INFOPLIST_KEY_UIApplicationSupportsIndirectInputEvents = YES;
				INFOPLIST_KEY_UILaunchStoryboardName = LaunchScreen;
				INFOPLIST_KEY_UIRequiresFullScreen = YES;
				INFOPLIST_KEY_UISupportedInterfaceOrientations_iPad = UIInterfaceOrientationPortrait;
				INFOPLIST_KEY_UISupportedInterfaceOrientations_iPhone = UIInterfaceOrientationPortrait;
				INFOPLIST_KEY_UIUserInterfaceStyle = Light;
				LD_RUNPATH_SEARCH_PATHS = (
					"$(inherited)",
					"@executable_path/Frameworks",
				);
				MARKETING_VERSION = 1.0;
				PRODUCT_BUNDLE_IDENTIFIER = com.madebyisiah.Movies;
				PRODUCT_NAME = "$(TARGET_NAME)";
				SWIFT_EMIT_LOC_STRINGS = YES;
				SWIFT_VERSION = 5.0;
				TARGETED_DEVICE_FAMILY = "1,2";
			};
			name = Release;
		};
		25E019892A51A5A2007BF235 /* Debug */ = {
			isa = XCBuildConfiguration;
			buildSettings = {
				ALWAYS_EMBED_SWIFT_STANDARD_LIBRARIES = YES;
				BUNDLE_LOADER = "$(TEST_HOST)";
				CODE_SIGN_STYLE = Automatic;
				CURRENT_PROJECT_VERSION = 1;
				GENERATE_INFOPLIST_FILE = YES;
				IPHONEOS_DEPLOYMENT_TARGET = 16.4;
				MARKETING_VERSION = 1.0;
				PRODUCT_BUNDLE_IDENTIFIER = com.madebyisiah.MoviesTests;
				PRODUCT_NAME = "$(TARGET_NAME)";
				SWIFT_EMIT_LOC_STRINGS = NO;
				SWIFT_VERSION = 5.0;
				TARGETED_DEVICE_FAMILY = "1,2";
				TEST_HOST = "$(BUILT_PRODUCTS_DIR)/Movies.app/$(BUNDLE_EXECUTABLE_FOLDER_PATH)/Movies";
			};
			name = Debug;
		};
		25E0198A2A51A5A2007BF235 /* Release */ = {
			isa = XCBuildConfiguration;
			buildSettings = {
				ALWAYS_EMBED_SWIFT_STANDARD_LIBRARIES = YES;
				BUNDLE_LOADER = "$(TEST_HOST)";
				CODE_SIGN_STYLE = Automatic;
				CURRENT_PROJECT_VERSION = 1;
				GENERATE_INFOPLIST_FILE = YES;
				IPHONEOS_DEPLOYMENT_TARGET = 16.4;
				MARKETING_VERSION = 1.0;
				PRODUCT_BUNDLE_IDENTIFIER = com.madebyisiah.MoviesTests;
				PRODUCT_NAME = "$(TARGET_NAME)";
				SWIFT_EMIT_LOC_STRINGS = NO;
				SWIFT_VERSION = 5.0;
				TARGETED_DEVICE_FAMILY = "1,2";
				TEST_HOST = "$(BUILT_PRODUCTS_DIR)/Movies.app/$(BUNDLE_EXECUTABLE_FOLDER_PATH)/Movies";
			};
			name = Release;
		};
		25E0198C2A51A5A2007BF235 /* Debug */ = {
			isa = XCBuildConfiguration;
			buildSettings = {
				ALWAYS_EMBED_SWIFT_STANDARD_LIBRARIES = YES;
				CODE_SIGN_STYLE = Automatic;
				CURRENT_PROJECT_VERSION = 1;
				GENERATE_INFOPLIST_FILE = YES;
				MARKETING_VERSION = 1.0;
				PRODUCT_BUNDLE_IDENTIFIER = com.madebyisiah.MoviesUITests;
				PRODUCT_NAME = "$(TARGET_NAME)";
				SWIFT_EMIT_LOC_STRINGS = NO;
				SWIFT_VERSION = 5.0;
				TARGETED_DEVICE_FAMILY = "1,2";
				TEST_TARGET_NAME = Movies;
			};
			name = Debug;
		};
		25E0198D2A51A5A2007BF235 /* Release */ = {
			isa = XCBuildConfiguration;
			buildSettings = {
				ALWAYS_EMBED_SWIFT_STANDARD_LIBRARIES = YES;
				CODE_SIGN_STYLE = Automatic;
				CURRENT_PROJECT_VERSION = 1;
				GENERATE_INFOPLIST_FILE = YES;
				MARKETING_VERSION = 1.0;
				PRODUCT_BUNDLE_IDENTIFIER = com.madebyisiah.MoviesUITests;
				PRODUCT_NAME = "$(TARGET_NAME)";
				SWIFT_EMIT_LOC_STRINGS = NO;
				SWIFT_VERSION = 5.0;
				TARGETED_DEVICE_FAMILY = "1,2";
				TEST_TARGET_NAME = Movies;
			};
			name = Release;
		};
/* End XCBuildConfiguration section */

/* Begin XCConfigurationList section */
		25E019562A51A5A0007BF235 /* Build configuration list for PBXProject "Movies" */ = {
			isa = XCConfigurationList;
			buildConfigurations = (
				25E019832A51A5A2007BF235 /* Debug */,
				25E019842A51A5A2007BF235 /* Release */,
			);
			defaultConfigurationIsVisible = 0;
			defaultConfigurationName = Release;
		};
		25E019852A51A5A2007BF235 /* Build configuration list for PBXNativeTarget "Movies" */ = {
			isa = XCConfigurationList;
			buildConfigurations = (
				25E019862A51A5A2007BF235 /* Debug */,
				25E019872A51A5A2007BF235 /* Release */,
			);
			defaultConfigurationIsVisible = 0;
			defaultConfigurationName = Release;
		};
		25E019882A51A5A2007BF235 /* Build configuration list for PBXNativeTarget "MoviesTests" */ = {
			isa = XCConfigurationList;
			buildConfigurations = (
				25E019892A51A5A2007BF235 /* Debug */,
				25E0198A2A51A5A2007BF235 /* Release */,
			);
			defaultConfigurationIsVisible = 0;
			defaultConfigurationName = Release;
		};
		25E0198B2A51A5A2007BF235 /* Build configuration list for PBXNativeTarget "MoviesUITests" */ = {
			isa = XCConfigurationList;
			buildConfigurations = (
				25E0198C2A51A5A2007BF235 /* Debug */,
				25E0198D2A51A5A2007BF235 /* Release */,
			);
			defaultConfigurationIsVisible = 0;
			defaultConfigurationName = Release;
		};
/* End XCConfigurationList section */

/* Begin XCRemoteSwiftPackageReference section */
		257C955C2A8DAE6C0064D950 /* XCRemoteSwiftPackageReference "YouTubePlayerKit" */ = {
			isa = XCRemoteSwiftPackageReference;
			repositoryURL = "https://github.com/SvenTiigi/YouTubePlayerKit";
			requirement = {
				kind = upToNextMajorVersion;
				minimumVersion = 1.0.0;
			};
		};
/* End XCRemoteSwiftPackageReference section */

/* Begin XCSwiftPackageProductDependency section */
		257C955D2A8DAE6C0064D950 /* YouTubePlayerKit */ = {
			isa = XCSwiftPackageProductDependency;
			package = 257C955C2A8DAE6C0064D950 /* XCRemoteSwiftPackageReference "YouTubePlayerKit" */;
			productName = YouTubePlayerKit;
		};
/* End XCSwiftPackageProductDependency section */

/* Begin XCVersionGroup section */
		25EAA4A82A7B02AB007E500B /* MovieModel.xcdatamodeld */ = {
			isa = XCVersionGroup;
			children = (
				25EAA4A92A7B02AB007E500B /* MovieModel.xcdatamodel */,
			);
			currentVersion = 25EAA4A92A7B02AB007E500B /* MovieModel.xcdatamodel */;
			path = MovieModel.xcdatamodeld;
			sourceTree = "<group>";
			versionGroupType = wrapper.xcdatamodel;
		};
/* End XCVersionGroup section */
	};
	rootObject = 25E019532A51A5A0007BF235 /* Project object */;
}
